
Microsoft Visual Studio Solution File, Format Version 12.00
# Visual Studio 15
VisualStudioVersion = 15.0.27703.2042
MinimumVisualStudioVersion = 10.0.40219.1
Project("{9A19103F-16F7-4668-BE54-9A1E7A4F7556}") = "OrderManager", "coderush\OrderManager.csproj", "{B0DFD956-A8F2-4045-BB69-38EF481BE475}"
EndProject
Project("{9A19103F-16F7-4668-BE54-9A1E7A4F7556}") = "ApplicationCore", "ApplicationCore\ApplicationCore.csproj", "{774B9AA1-ED8E-4663-9587-CA9594061F1D}"
EndProject
Project("{9A19103F-16F7-4668-BE54-9A1E7A4F7556}") = "Infrastructure", "Infrastructure\Infrastructure.csproj", "{DAF16D13-5A4A-4796-900C-BCF22AF0D99B}"
EndProject
Project("{9A19103F-16F7-4668-BE54-9A1E7A4F7556}") = "ShopAnJ", "Web\ShopAnJ.csproj", "{6AC5FBFD-E125-4D00-87A7-8545A5CE42D7}"
EndProject
Global
	GlobalSection(SolutionConfigurationPlatforms) = preSolution
		Debug|Any CPU = Debug|Any CPU
		Release|Any CPU = Release|Any CPU
	EndGlobalSection
	GlobalSection(ProjectConfigurationPlatforms) = postSolution
		{B0DFD956-A8F2-4045-BB69-38EF481BE475}.Debug|Any CPU.ActiveCfg = Debug|Any CPU
		{B0DFD956-A8F2-4045-BB69-38EF481BE475}.Debug|Any CPU.Build.0 = Debug|Any CPU
		{B0DFD956-A8F2-4045-BB69-38EF481BE475}.Release|Any CPU.ActiveCfg = Release|Any CPU
		{B0DFD956-A8F2-4045-BB69-38EF481BE475}.Release|Any CPU.Build.0 = Release|Any CPU
		{774B9AA1-ED8E-4663-9587-CA9594061F1D}.Debug|Any CPU.ActiveCfg = Debug|Any CPU
		{774B9AA1-ED8E-4663-9587-CA9594061F1D}.Debug|Any CPU.Build.0 = Debug|Any CPU
		{774B9AA1-ED8E-4663-9587-CA9594061F1D}.Release|Any CPU.ActiveCfg = Release|Any CPU
		{774B9AA1-ED8E-4663-9587-CA9594061F1D}.Release|Any CPU.Build.0 = Release|Any CPU
		{DAF16D13-5A4A-4796-900C-BCF22AF0D99B}.Debug|Any CPU.ActiveCfg = Debug|Any CPU
		{DAF16D13-5A4A-4796-900C-BCF22AF0D99B}.Debug|Any CPU.Build.0 = Debug|Any CPU
		{DAF16D13-5A4A-4796-900C-BCF22AF0D99B}.Release|Any CPU.ActiveCfg = Release|Any CPU
		{DAF16D13-5A4A-4796-900C-BCF22AF0D99B}.Release|Any CPU.Build.0 = Release|Any CPU
		{6AC5FBFD-E125-4D00-87A7-8545A5CE42D7}.Debug|Any CPU.ActiveCfg = Debug|Any CPU
		{6AC5FBFD-E125-4D00-87A7-8545A5CE42D7}.Debug|Any CPU.Build.0 = Debug|Any CPU
		{6AC5FBFD-E125-4D00-87A7-8545A5CE42D7}.Release|Any CPU.ActiveCfg = Release|Any CPU
		{6AC5FBFD-E125-4D00-87A7-8545A5CE42D7}.Release|Any CPU.Build.0 = Release|Any CPU
	EndGlobalSection
	GlobalSection(SolutionProperties) = preSolution
		HideSolutionNode = FALSE
	EndGlobalSection
	GlobalSection(ExtensibilityGlobals) = postSolution
		SolutionGuid = {0F993996-863E-4140-AFA7-6A6E6B09E117}
	EndGlobalSection
EndGlobal
